// !$*UTF8*$!
{
	archiveVersion = 1;
	classes = {
	};
	objectVersion = 55;
	objects = {

/* Begin PBXBuildFile section */
		9F817C7128B34D1D0008BE4E /* ItunesSearchAPIApp.swift in Sources */ = {isa = PBXBuildFile; fileRef = 9F817C7028B34D1D0008BE4E /* ItunesSearchAPIApp.swift */; };
		9F817C7328B34D1D0008BE4E /* ContentView.swift in Sources */ = {isa = PBXBuildFile; fileRef = 9F817C7228B34D1D0008BE4E /* ContentView.swift */; };
		9F817C7528B34D200008BE4E /* Assets.xcassets in Resources */ = {isa = PBXBuildFile; fileRef = 9F817C7428B34D200008BE4E /* Assets.xcassets */; };
		9F817C7828B34D200008BE4E /* Preview Assets.xcassets in Resources */ = {isa = PBXBuildFile; fileRef = 9F817C7728B34D200008BE4E /* Preview Assets.xcassets */; };
		9F817C8428B34DA70008BE4E /* Album.swift in Sources */ = {isa = PBXBuildFile; fileRef = 9F817C8328B34DA70008BE4E /* Album.swift */; };
		9F817C8628B34EC30008BE4E /* AlbumListViewModel.swift in Sources */ = {isa = PBXBuildFile; fileRef = 9F817C8528B34EC30008BE4E /* AlbumListViewModel.swift */; };
		9F817C8828B3533D0008BE4E /* Song.swift in Sources */ = {isa = PBXBuildFile; fileRef = 9F817C8728B3533D0008BE4E /* Song.swift */; };
		9F817C8A28B3534A0008BE4E /* Movie.swift in Sources */ = {isa = PBXBuildFile; fileRef = 9F817C8928B3534A0008BE4E /* Movie.swift */; };
		9F817C8C28B35B020008BE4E /* AlbumListView.swift in Sources */ = {isa = PBXBuildFile; fileRef = 9F817C8B28B35B020008BE4E /* AlbumListView.swift */; };
		9F817C8E28B38A420008BE4E /* AlbumSearchView.swift in Sources */ = {isa = PBXBuildFile; fileRef = 9F817C8D28B38A420008BE4E /* AlbumSearchView.swift */; };
		9F817C9228B3A7060008BE4E /* APIError.swift in Sources */ = {isa = PBXBuildFile; fileRef = 9F817C9128B3A7060008BE4E /* APIError.swift */; };
		9F817C9428B3A7390008BE4E /* FetchState.swift in Sources */ = {isa = PBXBuildFile; fileRef = 9F817C9328B3A7390008BE4E /* FetchState.swift */; };
		9F817C9728B3A7B90008BE4E /* APIService.swift in Sources */ = {isa = PBXBuildFile; fileRef = 9F817C9628B3A7B90008BE4E /* APIService.swift */; };
		9F817C9928B3A7FF0008BE4E /* SongListViewModel.swift in Sources */ = {isa = PBXBuildFile; fileRef = 9F817C9828B3A7FF0008BE4E /* SongListViewModel.swift */; };
		9F817C9B28B3A82E0008BE4E /* MovieListViewModel.swift in Sources */ = {isa = PBXBuildFile; fileRef = 9F817C9A28B3A82E0008BE4E /* MovieListViewModel.swift */; };
		9F817C9F28B3A88C0008BE4E /* MovieListView.swift in Sources */ = {isa = PBXBuildFile; fileRef = 9F817C9E28B3A88C0008BE4E /* MovieListView.swift */; };
		9F817CA128B3A8AD0008BE4E /* MovieSearchListView.swift in Sources */ = {isa = PBXBuildFile; fileRef = 9F817CA028B3A8AD0008BE4E /* MovieSearchListView.swift */; };
/* End PBXBuildFile section */

/* Begin PBXFileReference section */
		9F817C6D28B34D1D0008BE4E /* ItunesSearchAPI.app */ = {isa = PBXFileReference; explicitFileType = wrapper.application; includeInIndex = 0; path = ItunesSearchAPI.app; sourceTree = BUILT_PRODUCTS_DIR; };
		9F817C7028B34D1D0008BE4E /* ItunesSearchAPIApp.swift */ = {isa = PBXFileReference; lastKnownFileType = sourcecode.swift; path = ItunesSearchAPIApp.swift; sourceTree = "<group>"; };
		9F817C7228B34D1D0008BE4E /* ContentView.swift */ = {isa = PBXFileReference; lastKnownFileType = sourcecode.swift; path = ContentView.swift; sourceTree = "<group>"; };
		9F817C7428B34D200008BE4E /* Assets.xcassets */ = {isa = PBXFileReference; lastKnownFileType = folder.assetcatalog; path = Assets.xcassets; sourceTree = "<group>"; };
		9F817C7728B34D200008BE4E /* Preview Assets.xcassets */ = {isa = PBXFileReference; lastKnownFileType = folder.assetcatalog; path = "Preview Assets.xcassets"; sourceTree = "<group>"; };
		9F817C8328B34DA70008BE4E /* Album.swift */ = {isa = PBXFileReference; lastKnownFileType = sourcecode.swift; path = Album.swift; sourceTree = "<group>"; };
		9F817C8528B34EC30008BE4E /* AlbumListViewModel.swift */ = {isa = PBXFileReference; lastKnownFileType = sourcecode.swift; path = AlbumListViewModel.swift; sourceTree = "<group>"; };
		9F817C8728B3533D0008BE4E /* Song.swift */ = {isa = PBXFileReference; lastKnownFileType = sourcecode.swift; path = Song.swift; sourceTree = "<group>"; };
		9F817C8928B3534A0008BE4E /* Movie.swift */ = {isa = PBXFileReference; lastKnownFileType = sourcecode.swift; path = Movie.swift; sourceTree = "<group>"; };
		9F817C8B28B35B020008BE4E /* AlbumListView.swift */ = {isa = PBXFileReference; lastKnownFileType = sourcecode.swift; path = AlbumListView.swift; sourceTree = "<group>"; };
		9F817C8D28B38A420008BE4E /* AlbumSearchView.swift */ = {isa = PBXFileReference; lastKnownFileType = sourcecode.swift; path = AlbumSearchView.swift; sourceTree = "<group>"; };
		9F817C9128B3A7060008BE4E /* APIError.swift */ = {isa = PBXFileReference; lastKnownFileType = sourcecode.swift; path = APIError.swift; sourceTree = "<group>"; };
		9F817C9328B3A7390008BE4E /* FetchState.swift */ = {isa = PBXFileReference; lastKnownFileType = sourcecode.swift; path = FetchState.swift; sourceTree = "<group>"; };
		9F817C9628B3A7B90008BE4E /* APIService.swift */ = {isa = PBXFileReference; lastKnownFileType = sourcecode.swift; path = APIService.swift; sourceTree = "<group>"; };
		9F817C9828B3A7FF0008BE4E /* SongListViewModel.swift */ = {isa = PBXFileReference; lastKnownFileType = sourcecode.swift; path = SongListViewModel.swift; sourceTree = "<group>"; };
		9F817C9A28B3A82E0008BE4E /* MovieListViewModel.swift */ = {isa = PBXFileReference; lastKnownFileType = sourcecode.swift; path = MovieListViewModel.swift; sourceTree = "<group>"; };
		9F817C9E28B3A88C0008BE4E /* MovieListView.swift */ = {isa = PBXFileReference; lastKnownFileType = sourcecode.swift; path = MovieListView.swift; sourceTree = "<group>"; };
		9F817CA028B3A8AD0008BE4E /* MovieSearchListView.swift */ = {isa = PBXFileReference; lastKnownFileType = sourcecode.swift; path = MovieSearchListView.swift; sourceTree = "<group>"; };
/* End PBXFileReference section */

/* Begin PBXFrameworksBuildPhase section */
		9F817C6A28B34D1D0008BE4E /* Frameworks */ = {
			isa = PBXFrameworksBuildPhase;
			buildActionMask = 2147483647;
			files = (
			);
			runOnlyForDeploymentPostprocessing = 0;
		};
/* End PBXFrameworksBuildPhase section */

/* Begin PBXGroup section */
		9F817C6428B34D1D0008BE4E = {
			isa = PBXGroup;
			children = (
				9F817C6F28B34D1D0008BE4E /* ItunesSearchAPI */,
				9F817C6E28B34D1D0008BE4E /* Products */,
			);
			sourceTree = "<group>";
		};
		9F817C6E28B34D1D0008BE4E /* Products */ = {
			isa = PBXGroup;
			children = (
				9F817C6D28B34D1D0008BE4E /* ItunesSearchAPI.app */,
			);
			name = Products;
			sourceTree = "<group>";
		};
		9F817C6F28B34D1D0008BE4E /* ItunesSearchAPI */ = {
			isa = PBXGroup;
			children = (
				9F817C7028B34D1D0008BE4E /* ItunesSearchAPIApp.swift */,
				9F817C7228B34D1D0008BE4E /* ContentView.swift */,
				9F817C9528B3A7A50008BE4E /* service */,
				9F817C8228B34D940008BE4E /* model */,
				9F817C8128B34D8A0008BE4E /* viewmodel */,
				9F817C7E28B34D6C0008BE4E /* view */,
				9F817C7428B34D200008BE4E /* Assets.xcassets */,
				9F817C7628B34D200008BE4E /* Preview Content */,
			);
			path = ItunesSearchAPI;
			sourceTree = "<group>";
		};
		9F817C7628B34D200008BE4E /* Preview Content */ = {
			isa = PBXGroup;
			children = (
				9F817C7728B34D200008BE4E /* Preview Assets.xcassets */,
			);
			path = "Preview Content";
			sourceTree = "<group>";
		};
		9F817C7E28B34D6C0008BE4E /* view */ = {
			isa = PBXGroup;
			children = (
				9F817C9D28B3A86D0008BE4E /* movie */,
				9F817C9C28B3A8580008BE4E /* album */,
			);
			path = view;
			sourceTree = "<group>";
		};
		9F817C8128B34D8A0008BE4E /* viewmodel */ = {
			isa = PBXGroup;
			children = (
				9F817C8528B34EC30008BE4E /* AlbumListViewModel.swift */,
				9F817C9828B3A7FF0008BE4E /* SongListViewModel.swift */,
				9F817C9A28B3A82E0008BE4E /* MovieListViewModel.swift */,
			);
			path = viewmodel;
			sourceTree = "<group>";
		};
		9F817C8228B34D940008BE4E /* model */ = {
			isa = PBXGroup;
			children = (
				9F817C8328B34DA70008BE4E /* Album.swift */,
				9F817C8728B3533D0008BE4E /* Song.swift */,
				9F817C8928B3534A0008BE4E /* Movie.swift */,
				9F817C9128B3A7060008BE4E /* APIError.swift */,
				9F817C9328B3A7390008BE4E /* FetchState.swift */,
			);
			path = model;
			sourceTree = "<group>";
		};
		9F817C9528B3A7A50008BE4E /* service */ = {
			isa = PBXGroup;
			children = (
				9F817C9628B3A7B90008BE4E /* APIService.swift */,
			);
			path = service;
			sourceTree = "<group>";
		};
		9F817C9C28B3A8580008BE4E /* album */ = {
			isa = PBXGroup;
			children = (
				9F817C8D28B38A420008BE4E /* AlbumSearchView.swift */,
				9F817C8B28B35B020008BE4E /* AlbumListView.swift */,
			);
			path = album;
			sourceTree = "<group>";
		};
		9F817C9D28B3A86D0008BE4E /* movie */ = {
			isa = PBXGroup;
			children = (
				9F817C9E28B3A88C0008BE4E /* MovieListView.swift */,
				9F817CA028B3A8AD0008BE4E /* MovieSearchListView.swift */,
			);
			path = movie;
			sourceTree = "<group>";
		};
/* End PBXGroup section */

/* Begin PBXNativeTarget section */
		9F817C6C28B34D1D0008BE4E /* ItunesSearchAPI */ = {
			isa = PBXNativeTarget;
			buildConfigurationList = 9F817C7B28B34D200008BE4E /* Build configuration list for PBXNativeTarget "ItunesSearchAPI" */;
			buildPhases = (
				9F817C6928B34D1D0008BE4E /* Sources */,
				9F817C6A28B34D1D0008BE4E /* Frameworks */,
				9F817C6B28B34D1D0008BE4E /* Resources */,
			);
			buildRules = (
			);
			dependencies = (
			);
			name = ItunesSearchAPI;
			productName = ItunesSearchAPI;
			productReference = 9F817C6D28B34D1D0008BE4E /* ItunesSearchAPI.app */;
			productType = "com.apple.product-type.application";
		};
/* End PBXNativeTarget section */

/* Begin PBXProject section */
		9F817C6528B34D1D0008BE4E /* Project object */ = {
			isa = PBXProject;
			attributes = {
				BuildIndependentTargetsInParallel = 1;
				LastSwiftUpdateCheck = 1340;
				LastUpgradeCheck = 1340;
				TargetAttributes = {
					9F817C6C28B34D1D0008BE4E = {
						CreatedOnToolsVersion = 13.4.1;
					};
				};
			};
			buildConfigurationList = 9F817C6828B34D1D0008BE4E /* Build configuration list for PBXProject "ItunesSearchAPI" */;
			compatibilityVersion = "Xcode 13.0";
			developmentRegion = en;
			hasScannedForEncodings = 0;
			knownRegions = (
				en,
				Base,
			);
			mainGroup = 9F817C6428B34D1D0008BE4E;
			productRefGroup = 9F817C6E28B34D1D0008BE4E /* Products */;
			projectDirPath = "";
			projectRoot = "";
			targets = (
				9F817C6C28B34D1D0008BE4E /* ItunesSearchAPI */,
			);
		};
/* End PBXProject section */

/* Begin PBXResourcesBuildPhase section */
		9F817C6B28B34D1D0008BE4E /* Resources */ = {
			isa = PBXResourcesBuildPhase;
			buildActionMask = 2147483647;
			files = (
				9F817C7828B34D200008BE4E /* Preview Assets.xcassets in Resources */,
				9F817C7528B34D200008BE4E /* Assets.xcassets in Resources */,
			);
			runOnlyForDeploymentPostprocessing = 0;
		};
/* End PBXResourcesBuildPhase section */

/* Begin PBXSourcesBuildPhase section */
		9F817C6928B34D1D0008BE4E /* Sources */ = {
			isa = PBXSourcesBuildPhase;
			buildActionMask = 2147483647;
			files = (
				9F817C9428B3A7390008BE4E /* FetchState.swift in Sources */,
				9F817C9F28B3A88C0008BE4E /* MovieListView.swift in Sources */,
				9F817C8628B34EC30008BE4E /* AlbumListViewModel.swift in Sources */,
				9F817C7328B34D1D0008BE4E /* ContentView.swift in Sources */,
				9F817C8E28B38A420008BE4E /* AlbumSearchView.swift in Sources */,
				9F817C9728B3A7B90008BE4E /* APIService.swift in Sources */,
				9F817C9B28B3A82E0008BE4E /* MovieListViewModel.swift in Sources */,
				9F817C8A28B3534A0008BE4E /* Movie.swift in Sources */,
				9F817C7128B34D1D0008BE4E /* ItunesSearchAPIApp.swift in Sources */,
				9F817C8428B34DA70008BE4E /* Album.swift in Sources */,
				9F817C8828B3533D0008BE4E /* Song.swift in Sources */,
				9F817C9928B3A7FF0008BE4E /* SongListViewModel.swift in Sources */,
				9F817C8C28B35B020008BE4E /* AlbumListView.swift in Sources */,
				9F817C9228B3A7060008BE4E /* APIError.swift in Sources */,
				9F817CA128B3A8AD0008BE4E /* MovieSearchListView.swift in Sources */,
			);
			runOnlyForDeploymentPostprocessing = 0;
		};
/* End PBXSourcesBuildPhase section */

/* Begin XCBuildConfiguration section */
		9F817C7928B34D200008BE4E /* Debug */ = {
			isa = XCBuildConfiguration;
			buildSettings = {
				ALWAYS_SEARCH_USER_PATHS = NO;
				CLANG_ANALYZER_NONNULL = YES;
				CLANG_ANALYZER_NUMBER_OBJECT_CONVERSION = YES_AGGRESSIVE;
				CLANG_CXX_LANGUAGE_STANDARD = "gnu++17";
				CLANG_ENABLE_MODULES = YES;
				CLANG_ENABLE_OBJC_ARC = YES;
				CLANG_ENABLE_OBJC_WEAK = YES;
				CLANG_WARN_BLOCK_CAPTURE_AUTORELEASING = YES;
				CLANG_WARN_BOOL_CONVERSION = YES;
				CLANG_WARN_COMMA = YES;
				CLANG_WARN_CONSTANT_CONVERSION = YES;
				CLANG_WARN_DEPRECATED_OBJC_IMPLEMENTATIONS = YES;
				CLANG_WARN_DIRECT_OBJC_ISA_USAGE = YES_ERROR;
				CLANG_WARN_DOCUMENTATION_COMMENTS = YES;
				CLANG_WARN_EMPTY_BODY = YES;
				CLANG_WARN_ENUM_CONVERSION = YES;
				CLANG_WARN_INFINITE_RECURSION = YES;
				CLANG_WARN_INT_CONVERSION = YES;
				CLANG_WARN_NON_LITERAL_NULL_CONVERSION = YES;
				CLANG_WARN_OBJC_IMPLICIT_RETAIN_SELF = YES;
				CLANG_WARN_OBJC_LITERAL_CONVERSION = YES;
				CLANG_WARN_OBJC_ROOT_CLASS = YES_ERROR;
				CLANG_WARN_QUOTED_INCLUDE_IN_FRAMEWORK_HEADER = YES;
				CLANG_WARN_RANGE_LOOP_ANALYSIS = YES;
				CLANG_WARN_STRICT_PROTOTYPES = YES;
				CLANG_WARN_SUSPICIOUS_MOVE = YES;
				CLANG_WARN_UNGUARDED_AVAILABILITY = YES_AGGRESSIVE;
				CLANG_WARN_UNREACHABLE_CODE = YES;
				CLANG_WARN__DUPLICATE_METHOD_MATCH = YES;
				COPY_PHASE_STRIP = NO;
				DEBUG_INFORMATION_FORMAT = dwarf;
				ENABLE_STRICT_OBJC_MSGSEND = YES;
				ENABLE_TESTABILITY = YES;
				GCC_C_LANGUAGE_STANDARD = gnu11;
				GCC_DYNAMIC_NO_PIC = NO;
				GCC_NO_COMMON_BLOCKS = YES;
				GCC_OPTIMIZATION_LEVEL = 0;
				GCC_PREPROCESSOR_DEFINITIONS = (
					"DEBUG=1",
					"$(inherited)",
				);
				GCC_WARN_64_TO_32_BIT_CONVERSION = YES;
				GCC_WARN_ABOUT_RETURN_TYPE = YES_ERROR;
				GCC_WARN_UNDECLARED_SELECTOR = YES;
				GCC_WARN_UNINITIALIZED_AUTOS = YES_AGGRESSIVE;
				GCC_WARN_UNUSED_FUNCTION = YES;
				GCC_WARN_UNUSED_VARIABLE = YES;
				IPHONEOS_DEPLOYMENT_TARGET = 15.5;
				MTL_ENABLE_DEBUG_INFO = INCLUDE_SOURCE;
				MTL_FAST_MATH = YES;
				ONLY_ACTIVE_ARCH = YES;
				SDKROOT = iphoneos;
				SWIFT_ACTIVE_COMPILATION_CONDITIONS = DEBUG;
				SWIFT_OPTIMIZATION_LEVEL = "-Onone";
			};
			name = Debug;
		};
		9F817C7A28B34D200008BE4E /* Release */ = {
			isa = XCBuildConfiguration;
			buildSettings = {
				ALWAYS_SEARCH_USER_PATHS = NO;
				CLANG_ANALYZER_NONNULL = YES;
				CLANG_ANALYZER_NUMBER_OBJECT_CONVERSION = YES_AGGRESSIVE;
				CLANG_CXX_LANGUAGE_STANDARD = "gnu++17";
				CLANG_ENABLE_MODULES = YES;
				CLANG_ENABLE_OBJC_ARC = YES;
				CLANG_ENABLE_OBJC_WEAK = YES;
				CLANG_WARN_BLOCK_CAPTURE_AUTORELEASING = YES;
				CLANG_WARN_BOOL_CONVERSION = YES;
				CLANG_WARN_COMMA = YES;
				CLANG_WARN_CONSTANT_CONVERSION = YES;
				CLANG_WARN_DEPRECATED_OBJC_IMPLEMENTATIONS = YES;
				CLANG_WARN_DIRECT_OBJC_ISA_USAGE = YES_ERROR;
				CLANG_WARN_DOCUMENTATION_COMMENTS = YES;
				CLANG_WARN_EMPTY_BODY = YES;
				CLANG_WARN_ENUM_CONVERSION = YES;
				CLANG_WARN_INFINITE_RECURSION = YES;
				CLANG_WARN_INT_CONVERSION = YES;
				CLANG_WARN_NON_LITERAL_NULL_CONVERSION = YES;
				CLANG_WARN_OBJC_IMPLICIT_RETAIN_SELF = YES;
				CLANG_WARN_OBJC_LITERAL_CONVERSION = YES;
				CLANG_WARN_OBJC_ROOT_CLASS = YES_ERROR;
				CLANG_WARN_QUOTED_INCLUDE_IN_FRAMEWORK_HEADER = YES;
				CLANG_WARN_RANGE_LOOP_ANALYSIS = YES;
				CLANG_WARN_STRICT_PROTOTYPES = YES;
				CLANG_WARN_SUSPICIOUS_MOVE = YES;
				CLANG_WARN_UNGUARDED_AVAILABILITY = YES_AGGRESSIVE;
				CLANG_WARN_UNREACHABLE_CODE = YES;
				CLANG_WARN__DUPLICATE_METHOD_MATCH = YES;
				COPY_PHASE_STRIP = NO;
				DEBUG_INFORMATION_FORMAT = "dwarf-with-dsym";
				ENABLE_NS_ASSERTIONS = NO;
				ENABLE_STRICT_OBJC_MSGSEND = YES;
				GCC_C_LANGUAGE_STANDARD = gnu11;
				GCC_NO_COMMON_BLOCKS = YES;
				GCC_WARN_64_TO_32_BIT_CONVERSION = YES;
				GCC_WARN_ABOUT_RETURN_TYPE = YES_ERROR;
				GCC_WARN_UNDECLARED_SELECTOR = YES;
				GCC_WARN_UNINITIALIZED_AUTOS = YES_AGGRESSIVE;
				GCC_WARN_UNUSED_FUNCTION = YES;
				GCC_WARN_UNUSED_VARIABLE = YES;
				IPHONEOS_DEPLOYMENT_TARGET = 15.5;
				MTL_ENABLE_DEBUG_INFO = NO;
				MTL_FAST_MATH = YES;
				SDKROOT = iphoneos;
				SWIFT_COMPILATION_MODE = wholemodule;
				SWIFT_OPTIMIZATION_LEVEL = "-O";
				VALIDATE_PRODUCT = YES;
			};
			name = Release;
		};
		9F817C7C28B34D200008BE4E /* Debug */ = {
			isa = XCBuildConfiguration;
			buildSettings = {
				ASSETCATALOG_COMPILER_APPICON_NAME = AppIcon;
				ASSETCATALOG_COMPILER_GLOBAL_ACCENT_COLOR_NAME = AccentColor;
				CODE_SIGN_STYLE = Automatic;
				CURRENT_PROJECT_VERSION = 1;
				DEVELOPMENT_ASSET_PATHS = "\"ItunesSearchAPI/Preview Content\"";
				DEVELOPMENT_TEAM = NPWTYDG7HP;
				ENABLE_PREVIEWS = YES;
				GENERATE_INFOPLIST_FILE = YES;
				INFOPLIST_KEY_UIApplicationSceneManifest_Generation = YES;
				INFOPLIST_KEY_UIApplicationSupportsIndirectInputEvents = YES;
				INFOPLIST_KEY_UILaunchScreen_Generation = YES;
				INFOPLIST_KEY_UISupportedInterfaceOrientations_iPad = "UIInterfaceOrientationPortrait UIInterfaceOrientationPortraitUpsideDown UIInterfaceOrientationLandscapeLeft UIInterfaceOrientationLandscapeRight";
				INFOPLIST_KEY_UISupportedInterfaceOrientations_iPhone = "UIInterfaceOrientationPortrait UIInterfaceOrientationLandscapeLeft UIInterfaceOrientationLandscapeRight";
				LD_RUNPATH_SEARCH_PATHS = (
					"$(inherited)",
					"@executable_path/Frameworks",
				);
				MARKETING_VERSION = 1.0;
				PRODUCT_BUNDLE_IDENTIFIER = com.hasan.ItunesSearchAPI;
				PRODUCT_NAME = "$(TARGET_NAME)";
				SWIFT_EMIT_LOC_STRINGS = YES;
				SWIFT_VERSION = 5.0;
				TARGETED_DEVICE_FAMILY = "1,2";
			};
			name = Debug;
		};
		9F817C7D28B34D200008BE4E /* Release */ = {
			isa = XCBuildConfiguration;
			buildSettings = {
				ASSETCATALOG_COMPILER_APPICON_NAME = AppIcon;
				ASSETCATALOG_COMPILER_GLOBAL_ACCENT_COLOR_NAME = AccentColor;
				CODE_SIGN_STYLE = Automatic;
				CURRENT_PROJECT_VERSION = 1;
				DEVELOPMENT_ASSET_PATHS = "\"ItunesSearchAPI/Preview Content\"";
				DEVELOPMENT_TEAM = NPWTYDG7HP;
				ENABLE_PREVIEWS = YES;
				GENERATE_INFOPLIST_FILE = YES;
				INFOPLIST_KEY_UIApplicationSceneManifest_Generation = YES;
				INFOPLIST_KEY_UIApplicationSupportsIndirectInputEvents = YES;
				INFOPLIST_KEY_UILaunchScreen_Generation = YES;
				INFOPLIST_KEY_UISupportedInterfaceOrientations_iPad = "UIInterfaceOrientationPortrait UIInterfaceOrientationPortraitUpsideDown UIInterfaceOrientationLandscapeLeft UIInterfaceOrientationLandscapeRight";
				INFOPLIST_KEY_UISupportedInterfaceOrientations_iPhone = "UIInterfaceOrientationPortrait UIInterfaceOrientationLandscapeLeft UIInterfaceOrientationLandscapeRight";
				LD_RUNPATH_SEARCH_PATHS = (
					"$(inherited)",
					"@executable_path/Frameworks",
				);
				MARKETING_VERSION = 1.0;
				PRODUCT_BUNDLE_IDENTIFIER = com.hasan.ItunesSearchAPI;
				PRODUCT_NAME = "$(TARGET_NAME)";
				SWIFT_EMIT_LOC_STRINGS = YES;
				SWIFT_VERSION = 5.0;
				TARGETED_DEVICE_FAMILY = "1,2";
			};
			name = Release;
		};
/* End XCBuildConfiguration section */

/* Begin XCConfigurationList section */
		9F817C6828B34D1D0008BE4E /* Build configuration list for PBXProject "ItunesSearchAPI" */ = {
			isa = XCConfigurationList;
			buildConfigurations = (
				9F817C7928B34D200008BE4E /* Debug */,
				9F817C7A28B34D200008BE4E /* Release */,
			);
			defaultConfigurationIsVisible = 0;
			defaultConfigurationName = Release;
		};
		9F817C7B28B34D200008BE4E /* Build configuration list for PBXNativeTarget "ItunesSearchAPI" */ = {
			isa = XCConfigurationList;
			buildConfigurations = (
				9F817C7C28B34D200008BE4E /* Debug */,
				9F817C7D28B34D200008BE4E /* Release */,
			);
			defaultConfigurationIsVisible = 0;
			defaultConfigurationName = Release;
		};
/* End XCConfigurationList section */
	};
	rootObject = 9F817C6528B34D1D0008BE4E /* Project object */;
}
